
Microsoft Visual Studio Solution File, Format Version 12.00
# Visual Studio Version 17
VisualStudioVersion = 17.3.32825.248
MinimumVisualStudioVersion = 10.0.40219.1
Project("{FAE04EC0-301F-11D3-BF4B-00C04F79EFBC}") = "BikeRental22", "BikeRental22\BikeRental22.csproj", "{23D17225-0B39-48CC-90EC-5254DCD296A8}"
EndProject
Global
	GlobalSection(SolutionConfigurationPlatforms) = preSolution
		Debug|Any CPU = Debug|Any CPU
		Release|Any CPU = Release|Any CPU
	EndGlobalSection
	GlobalSection(ProjectConfigurationPlatforms) = postSolution
		{23D17225-0B39-48CC-90EC-5254DCD296A8}.Debug|Any CPU.ActiveCfg = Debug|Any CPU
		{23D17225-0B39-48CC-90EC-5254DCD296A8}.Debug|Any CPU.Build.0 = Debug|Any CPU
		{23D17225-0B39-48CC-90EC-5254DCD296A8}.Release|Any CPU.ActiveCfg = Release|Any CPU
		{23D17225-0B39-48CC-90EC-5254DCD296A8}.Release|Any CPU.Build.0 = Release|Any CPU
	EndGlobalSection
	GlobalSection(SolutionProperties) = preSolution
		HideSolutionNode = FALSE
	EndGlobalSection
	GlobalSection(ExtensibilityGlobals) = postSolution
		SolutionGuid = {90C57BEC-7BCA-4A94-868E-6EE2035DF9BF}
	EndGlobalSection
EndGlobal
